// !$*UTF8*$!
{
	archiveVersion = 1;
	classes = {
	};
	objectVersion = 46;
	objects = {

/* Begin PBXBuildFile section */
		8F7CBEB31F00930700EDF5AA /* ChooseUserViewController.swift in Sources */ = {isa = PBXBuildFile; fileRef = 8F7CBEB21F00930700EDF5AA /* ChooseUserViewController.swift */; };
		8F7CBEB71F00937400EDF5AA /* FriendTableViewCell.swift in Sources */ = {isa = PBXBuildFile; fileRef = 8F7CBEB61F00937400EDF5AA /* FriendTableViewCell.swift */; };
		8F7CBEBA1F00965300EDF5AA /* Download.swift in Sources */ = {isa = PBXBuildFile; fileRef = 8F7CBEB91F00965300EDF5AA /* Download.swift */; };
		8FBF47101F00516100201D00 /* Camera.swift in Sources */ = {isa = PBXBuildFile; fileRef = 8FBF470F1F00516100201D00 /* Camera.swift */; };
		8FBF47121F005C5300201D00 /* RecentViewController.swift in Sources */ = {isa = PBXBuildFile; fileRef = 8FBF47111F005C5300201D00 /* RecentViewController.swift */; };
		8FBF47141F005C9B00201D00 /* RecentTableViewCell.swift in Sources */ = {isa = PBXBuildFile; fileRef = 8FBF47131F005C9B00201D00 /* RecentTableViewCell.swift */; };
		8FEF2A5A1EFF4EEC00BBE458 /* WelcomeViewController.swift in Sources */ = {isa = PBXBuildFile; fileRef = 8FEF2A591EFF4EEC00BBE458 /* WelcomeViewController.swift */; };
		8FEF2A5D1EFF5C3C00BBE458 /* RegisterViewController.swift in Sources */ = {isa = PBXBuildFile; fileRef = 8FEF2A5C1EFF5C3C00BBE458 /* RegisterViewController.swift */; };
		8FF03E4C1EFF129000C2A9DC /* AppDelegate.swift in Sources */ = {isa = PBXBuildFile; fileRef = 8FF03E4B1EFF129000C2A9DC /* AppDelegate.swift */; };
		8FF03E511EFF129000C2A9DC /* Main.storyboard in Resources */ = {isa = PBXBuildFile; fileRef = 8FF03E4F1EFF129000C2A9DC /* Main.storyboard */; };
		8FF03E541EFF129000C2A9DC /* WhosApp.xcdatamodeld in Sources */ = {isa = PBXBuildFile; fileRef = 8FF03E521EFF129000C2A9DC /* WhosApp.xcdatamodeld */; };
		8FF03E561EFF129000C2A9DC /* Assets.xcassets in Resources */ = {isa = PBXBuildFile; fileRef = 8FF03E551EFF129000C2A9DC /* Assets.xcassets */; };
		8FF03E591EFF129000C2A9DC /* LaunchScreen.storyboard in Resources */ = {isa = PBXBuildFile; fileRef = 8FF03E571EFF129000C2A9DC /* LaunchScreen.storyboard */; };
		8FF03E641EFF129000C2A9DC /* WhosAppTests.swift in Sources */ = {isa = PBXBuildFile; fileRef = 8FF03E631EFF129000C2A9DC /* WhosAppTests.swift */; };
		8FF03E6F1EFF129000C2A9DC /* WhosAppUITests.swift in Sources */ = {isa = PBXBuildFile; fileRef = 8FF03E6E1EFF129000C2A9DC /* WhosAppUITests.swift */; };
		8FF03E7D1EFF132100C2A9DC /* GoogleService-Info.plist in Resources */ = {isa = PBXBuildFile; fileRef = 8FF03E7C1EFF132100C2A9DC /* GoogleService-Info.plist */; };
		8FF03E821EFF1A5500C2A9DC /* RNCryptor.swift in Sources */ = {isa = PBXBuildFile; fileRef = 8FF03E811EFF1A5500C2A9DC /* RNCryptor.swift */; };
		8FF03E871EFF1EF100C2A9DC /* Constants.swift in Sources */ = {isa = PBXBuildFile; fileRef = 8FF03E861EFF1EF100C2A9DC /* Constants.swift */; };
		8FF03E891EFF206700C2A9DC /* CoreLocation.framework in Frameworks */ = {isa = PBXBuildFile; fileRef = 8FF03E881EFF206700C2A9DC /* CoreLocation.framework */; };
		8FF03E8B1EFF208900C2A9DC /* SystemConfiguration.framework in Frameworks */ = {isa = PBXBuildFile; fileRef = 8FF03E8A1EFF208900C2A9DC /* SystemConfiguration.framework */; };
		8FF03E8D1EFF209200C2A9DC /* PushKit.framework in Frameworks */ = {isa = PBXBuildFile; fileRef = 8FF03E8C1EFF209200C2A9DC /* PushKit.framework */; };
		C71FECC63C27018C9E91B1F7 /* Pods_WhosApp.framework in Frameworks */ = {isa = PBXBuildFile; fileRef = 5F08557BC2B3222114F0528A /* Pods_WhosApp.framework */; };
/* End PBXBuildFile section */

/* Begin PBXContainerItemProxy section */
		8FF03E601EFF129000C2A9DC /* PBXContainerItemProxy */ = {
			isa = PBXContainerItemProxy;
			containerPortal = 8FF03E401EFF129000C2A9DC /* Project object */;
			proxyType = 1;
			remoteGlobalIDString = 8FF03E471EFF129000C2A9DC;
			remoteInfo = WhosApp;
		};
		8FF03E6B1EFF129000C2A9DC /* PBXContainerItemProxy */ = {
			isa = PBXContainerItemProxy;
			containerPortal = 8FF03E401EFF129000C2A9DC /* Project object */;
			proxyType = 1;
			remoteGlobalIDString = 8FF03E471EFF129000C2A9DC;
			remoteInfo = WhosApp;
		};
/* End PBXContainerItemProxy section */

/* Begin PBXFileReference section */
		00AE822A3932786F6F5B2BDB /* Pods_WhosAppTests.framework */ = {isa = PBXFileReference; explicitFileType = wrapper.framework; includeInIndex = 0; path = Pods_WhosAppTests.framework; sourceTree = BUILT_PRODUCTS_DIR; };
		3FF2DE46AA1D079C1F071CF3 /* Pods-WhosApp.debug.xcconfig */ = {isa = PBXFileReference; includeInIndex = 1; lastKnownFileType = text.xcconfig; name = "Pods-WhosApp.debug.xcconfig"; path = "Pods/Target Support Files/Pods-WhosApp/Pods-WhosApp.debug.xcconfig"; sourceTree = "<group>"; };
		5F08557BC2B3222114F0528A /* Pods_WhosApp.framework */ = {isa = PBXFileReference; explicitFileType = wrapper.framework; includeInIndex = 0; path = Pods_WhosApp.framework; sourceTree = BUILT_PRODUCTS_DIR; };
		657E1B6239C94933DC68649B /* Pods-WhosApp.release.xcconfig */ = {isa = PBXFileReference; includeInIndex = 1; lastKnownFileType = text.xcconfig; name = "Pods-WhosApp.release.xcconfig"; path = "Pods/Target Support Files/Pods-WhosApp/Pods-WhosApp.release.xcconfig"; sourceTree = "<group>"; };
		8F7CBEB21F00930700EDF5AA /* ChooseUserViewController.swift */ = {isa = PBXFileReference; fileEncoding = 4; lastKnownFileType = sourcecode.swift; path = ChooseUserViewController.swift; sourceTree = "<group>"; };
		8F7CBEB61F00937400EDF5AA /* FriendTableViewCell.swift */ = {isa = PBXFileReference; fileEncoding = 4; lastKnownFileType = sourcecode.swift; path = FriendTableViewCell.swift; sourceTree = "<group>"; };
		8F7CBEB91F00965300EDF5AA /* Download.swift */ = {isa = PBXFileReference; fileEncoding = 4; lastKnownFileType = sourcecode.swift; path = Download.swift; sourceTree = "<group>"; };
		8FBF470F1F00516100201D00 /* Camera.swift */ = {isa = PBXFileReference; fileEncoding = 4; lastKnownFileType = sourcecode.swift; path = Camera.swift; sourceTree = "<group>"; };
		8FBF47111F005C5300201D00 /* RecentViewController.swift */ = {isa = PBXFileReference; fileEncoding = 4; lastKnownFileType = sourcecode.swift; path = RecentViewController.swift; sourceTree = "<group>"; };
		8FBF47131F005C9B00201D00 /* RecentTableViewCell.swift */ = {isa = PBXFileReference; fileEncoding = 4; lastKnownFileType = sourcecode.swift; path = RecentTableViewCell.swift; sourceTree = "<group>"; };
		8FEF2A591EFF4EEC00BBE458 /* WelcomeViewController.swift */ = {isa = PBXFileReference; fileEncoding = 4; lastKnownFileType = sourcecode.swift; path = WelcomeViewController.swift; sourceTree = "<group>"; };
		8FEF2A5C1EFF5C3C00BBE458 /* RegisterViewController.swift */ = {isa = PBXFileReference; fileEncoding = 4; lastKnownFileType = sourcecode.swift; path = RegisterViewController.swift; sourceTree = "<group>"; };
		8FF03E481EFF129000C2A9DC /* WhosApp.app */ = {isa = PBXFileReference; explicitFileType = wrapper.application; includeInIndex = 0; path = WhosApp.app; sourceTree = BUILT_PRODUCTS_DIR; };
		8FF03E4B1EFF129000C2A9DC /* AppDelegate.swift */ = {isa = PBXFileReference; lastKnownFileType = sourcecode.swift; path = AppDelegate.swift; sourceTree = "<group>"; };
		8FF03E501EFF129000C2A9DC /* Base */ = {isa = PBXFileReference; lastKnownFileType = file.storyboard; name = Base; path = Base.lproj/Main.storyboard; sourceTree = "<group>"; };
		8FF03E531EFF129000C2A9DC /* WhosApp.xcdatamodel */ = {isa = PBXFileReference; lastKnownFileType = wrapper.xcdatamodel; path = WhosApp.xcdatamodel; sourceTree = "<group>"; };
		8FF03E551EFF129000C2A9DC /* Assets.xcassets */ = {isa = PBXFileReference; lastKnownFileType = folder.assetcatalog; path = Assets.xcassets; sourceTree = "<group>"; };
		8FF03E581EFF129000C2A9DC /* Base */ = {isa = PBXFileReference; lastKnownFileType = file.storyboard; name = Base; path = Base.lproj/LaunchScreen.storyboard; sourceTree = "<group>"; };
		8FF03E5A1EFF129000C2A9DC /* Info.plist */ = {isa = PBXFileReference; lastKnownFileType = text.plist.xml; path = Info.plist; sourceTree = "<group>"; };
		8FF03E5F1EFF129000C2A9DC /* WhosAppTests.xctest */ = {isa = PBXFileReference; explicitFileType = wrapper.cfbundle; includeInIndex = 0; path = WhosAppTests.xctest; sourceTree = BUILT_PRODUCTS_DIR; };
		8FF03E631EFF129000C2A9DC /* WhosAppTests.swift */ = {isa = PBXFileReference; lastKnownFileType = sourcecode.swift; path = WhosAppTests.swift; sourceTree = "<group>"; };
		8FF03E651EFF129000C2A9DC /* Info.plist */ = {isa = PBXFileReference; lastKnownFileType = text.plist.xml; path = Info.plist; sourceTree = "<group>"; };
		8FF03E6A1EFF129000C2A9DC /* WhosAppUITests.xctest */ = {isa = PBXFileReference; explicitFileType = wrapper.cfbundle; includeInIndex = 0; path = WhosAppUITests.xctest; sourceTree = BUILT_PRODUCTS_DIR; };
		8FF03E6E1EFF129000C2A9DC /* WhosAppUITests.swift */ = {isa = PBXFileReference; lastKnownFileType = sourcecode.swift; path = WhosAppUITests.swift; sourceTree = "<group>"; };
		8FF03E701EFF129000C2A9DC /* Info.plist */ = {isa = PBXFileReference; lastKnownFileType = text.plist.xml; path = Info.plist; sourceTree = "<group>"; };
		8FF03E7C1EFF132100C2A9DC /* GoogleService-Info.plist */ = {isa = PBXFileReference; fileEncoding = 4; lastKnownFileType = text.plist.xml; path = "GoogleService-Info.plist"; sourceTree = "<group>"; };
		8FF03E801EFF1A4700C2A9DC /* RNCryptor.h */ = {isa = PBXFileReference; lastKnownFileType = sourcecode.c.h; path = RNCryptor.h; sourceTree = "<group>"; };
		8FF03E811EFF1A5500C2A9DC /* RNCryptor.swift */ = {isa = PBXFileReference; fileEncoding = 4; lastKnownFileType = sourcecode.swift; path = RNCryptor.swift; sourceTree = "<group>"; };
		8FF03E831EFF1D9D00C2A9DC /* WhosApp-Bridging-Header.h */ = {isa = PBXFileReference; lastKnownFileType = sourcecode.c.h; path = "WhosApp-Bridging-Header.h"; sourceTree = "<group>"; };
		8FF03E861EFF1EF100C2A9DC /* Constants.swift */ = {isa = PBXFileReference; fileEncoding = 4; lastKnownFileType = sourcecode.swift; path = Constants.swift; sourceTree = "<group>"; };
		8FF03E881EFF206700C2A9DC /* CoreLocation.framework */ = {isa = PBXFileReference; lastKnownFileType = wrapper.framework; name = CoreLocation.framework; path = System/Library/Frameworks/CoreLocation.framework; sourceTree = SDKROOT; };
		8FF03E8A1EFF208900C2A9DC /* SystemConfiguration.framework */ = {isa = PBXFileReference; lastKnownFileType = wrapper.framework; name = SystemConfiguration.framework; path = System/Library/Frameworks/SystemConfiguration.framework; sourceTree = SDKROOT; };
		8FF03E8C1EFF209200C2A9DC /* PushKit.framework */ = {isa = PBXFileReference; lastKnownFileType = wrapper.framework; name = PushKit.framework; path = System/Library/Frameworks/PushKit.framework; sourceTree = SDKROOT; };
		DDDAFFB08F3CB711A35CD790 /* Pods_WhosAppUITests.framework */ = {isa = PBXFileReference; explicitFileType = wrapper.framework; includeInIndex = 0; path = Pods_WhosAppUITests.framework; sourceTree = BUILT_PRODUCTS_DIR; };
/* End PBXFileReference section */

/* Begin PBXFrameworksBuildPhase section */
		8FF03E451EFF129000C2A9DC /* Frameworks */ = {
			isa = PBXFrameworksBuildPhase;
			buildActionMask = 2147483647;
			files = (
				8FF03E8D1EFF209200C2A9DC /* PushKit.framework in Frameworks */,
				8FF03E8B1EFF208900C2A9DC /* SystemConfiguration.framework in Frameworks */,
				8FF03E891EFF206700C2A9DC /* CoreLocation.framework in Frameworks */,
				C71FECC63C27018C9E91B1F7 /* Pods_WhosApp.framework in Frameworks */,
			);
			runOnlyForDeploymentPostprocessing = 0;
		};
		8FF03E5C1EFF129000C2A9DC /* Frameworks */ = {
			isa = PBXFrameworksBuildPhase;
			buildActionMask = 2147483647;
			files = (
			);
			runOnlyForDeploymentPostprocessing = 0;
		};
		8FF03E671EFF129000C2A9DC /* Frameworks */ = {
			isa = PBXFrameworksBuildPhase;
			buildActionMask = 2147483647;
			files = (
			);
			runOnlyForDeploymentPostprocessing = 0;
		};
/* End PBXFrameworksBuildPhase section */

/* Begin PBXGroup section */
		8F7CBEB81F00939100EDF5AA /* New Group */ = {
			isa = PBXGroup;
			children = (
				8F7CBEB21F00930700EDF5AA /* ChooseUserViewController.swift */,
				8F7CBEB61F00937400EDF5AA /* FriendTableViewCell.swift */,
			);
			name = "New Group";
			sourceTree = "<group>";
		};
		8F7CBEBB1F00ABA800EDF5AA /* Model */ = {
			isa = PBXGroup;
			children = (
			);
			name = Model;
			sourceTree = "<group>";
		};
		8FF03E3F1EFF129000C2A9DC = {
			isa = PBXGroup;
			children = (
				8FF03E4A1EFF129000C2A9DC /* WhosApp */,
				8FF03E621EFF129000C2A9DC /* WhosAppTests */,
				8FF03E6D1EFF129000C2A9DC /* WhosAppUITests */,
				8FF03E491EFF129000C2A9DC /* Products */,
				BE875AC6C531FA2B6FDE0B13 /* Pods */,
				AC8CC71A09D2D855C6C591C1 /* Frameworks */,
			);
			sourceTree = "<group>";
		};
		8FF03E491EFF129000C2A9DC /* Products */ = {
			isa = PBXGroup;
			children = (
				8FF03E481EFF129000C2A9DC /* WhosApp.app */,
				8FF03E5F1EFF129000C2A9DC /* WhosAppTests.xctest */,
				8FF03E6A1EFF129000C2A9DC /* WhosAppUITests.xctest */,
			);
			name = Products;
			sourceTree = "<group>";
		};
		8FF03E4A1EFF129000C2A9DC /* WhosApp */ = {
			isa = PBXGroup;
			children = (
				8F7CBEBB1F00ABA800EDF5AA /* Model */,
				8FF03E7F1EFF19E600C2A9DC /* Encryption */,
				8FF03E4B1EFF129000C2A9DC /* AppDelegate.swift */,
				8FEF2A591EFF4EEC00BBE458 /* WelcomeViewController.swift */,
				8F7CBEB81F00939100EDF5AA /* New Group */,
				8FBF47111F005C5300201D00 /* RecentViewController.swift */,
				8FBF470F1F00516100201D00 /* Camera.swift */,
				8FEF2A5C1EFF5C3C00BBE458 /* RegisterViewController.swift */,
				8FF03E4F1EFF129000C2A9DC /* Main.storyboard */,
				8FBF47131F005C9B00201D00 /* RecentTableViewCell.swift */,
				8FF03E551EFF129000C2A9DC /* Assets.xcassets */,
				8FF03E571EFF129000C2A9DC /* LaunchScreen.storyboard */,
				8FF03E5A1EFF129000C2A9DC /* Info.plist */,
				8FF03E521EFF129000C2A9DC /* WhosApp.xcdatamodeld */,
				8FF03E7C1EFF132100C2A9DC /* GoogleService-Info.plist */,
				8FF03E831EFF1D9D00C2A9DC /* WhosApp-Bridging-Header.h */,
				8FF03E861EFF1EF100C2A9DC /* Constants.swift */,
				8F7CBEB91F00965300EDF5AA /* Download.swift */,
			);
			path = WhosApp;
			sourceTree = "<group>";
		};
		8FF03E621EFF129000C2A9DC /* WhosAppTests */ = {
			isa = PBXGroup;
			children = (
				8FF03E631EFF129000C2A9DC /* WhosAppTests.swift */,
				8FF03E651EFF129000C2A9DC /* Info.plist */,
			);
			path = WhosAppTests;
			sourceTree = "<group>";
		};
		8FF03E6D1EFF129000C2A9DC /* WhosAppUITests */ = {
			isa = PBXGroup;
			children = (
				8FF03E6E1EFF129000C2A9DC /* WhosAppUITests.swift */,
				8FF03E701EFF129000C2A9DC /* Info.plist */,
			);
			path = WhosAppUITests;
			sourceTree = "<group>";
		};
		8FF03E7F1EFF19E600C2A9DC /* Encryption */ = {
			isa = PBXGroup;
			children = (
				8FF03E811EFF1A5500C2A9DC /* RNCryptor.swift */,
				8FF03E801EFF1A4700C2A9DC /* RNCryptor.h */,
			);
			name = Encryption;
			sourceTree = "<group>";
		};
		AC8CC71A09D2D855C6C591C1 /* Frameworks */ = {
			isa = PBXGroup;
			children = (
				8FF03E8C1EFF209200C2A9DC /* PushKit.framework */,
				8FF03E8A1EFF208900C2A9DC /* SystemConfiguration.framework */,
				8FF03E881EFF206700C2A9DC /* CoreLocation.framework */,
				5F08557BC2B3222114F0528A /* Pods_WhosApp.framework */,
				00AE822A3932786F6F5B2BDB /* Pods_WhosAppTests.framework */,
				DDDAFFB08F3CB711A35CD790 /* Pods_WhosAppUITests.framework */,
			);
			name = Frameworks;
			sourceTree = "<group>";
		};
		BE875AC6C531FA2B6FDE0B13 /* Pods */ = {
			isa = PBXGroup;
			children = (
				3FF2DE46AA1D079C1F071CF3 /* Pods-WhosApp.debug.xcconfig */,
				657E1B6239C94933DC68649B /* Pods-WhosApp.release.xcconfig */,
			);
			name = Pods;
			sourceTree = "<group>";
		};
/* End PBXGroup section */

/* Begin PBXNativeTarget section */
		8FF03E471EFF129000C2A9DC /* WhosApp */ = {
			isa = PBXNativeTarget;
			buildConfigurationList = 8FF03E731EFF129000C2A9DC /* Build configuration list for PBXNativeTarget "WhosApp" */;
			buildPhases = (
				D00C80054E0EB0003B178822 /* [CP] Check Pods Manifest.lock */,
				8FF03E441EFF129000C2A9DC /* Sources */,
				8FF03E451EFF129000C2A9DC /* Frameworks */,
				8FF03E461EFF129000C2A9DC /* Resources */,
				081927D37D1CB61B82851FF9 /* [CP] Embed Pods Frameworks */,
				9083E983E056ACCFB54C955B /* [CP] Copy Pods Resources */,
			);
			buildRules = (
			);
			dependencies = (
			);
			name = WhosApp;
			productName = WhosApp;
			productReference = 8FF03E481EFF129000C2A9DC /* WhosApp.app */;
			productType = "com.apple.product-type.application";
		};
		8FF03E5E1EFF129000C2A9DC /* WhosAppTests */ = {
			isa = PBXNativeTarget;
			buildConfigurationList = 8FF03E761EFF129000C2A9DC /* Build configuration list for PBXNativeTarget "WhosAppTests" */;
			buildPhases = (
				8FF03E5B1EFF129000C2A9DC /* Sources */,
				8FF03E5C1EFF129000C2A9DC /* Frameworks */,
				8FF03E5D1EFF129000C2A9DC /* Resources */,
			);
			buildRules = (
			);
			dependencies = (
				8FF03E611EFF129000C2A9DC /* PBXTargetDependency */,
			);
			name = WhosAppTests;
			productName = WhosAppTests;
			productReference = 8FF03E5F1EFF129000C2A9DC /* WhosAppTests.xctest */;
			productType = "com.apple.product-type.bundle.unit-test";
		};
		8FF03E691EFF129000C2A9DC /* WhosAppUITests */ = {
			isa = PBXNativeTarget;
			buildConfigurationList = 8FF03E791EFF129000C2A9DC /* Build configuration list for PBXNativeTarget "WhosAppUITests" */;
			buildPhases = (
				8FF03E661EFF129000C2A9DC /* Sources */,
				8FF03E671EFF129000C2A9DC /* Frameworks */,
				8FF03E681EFF129000C2A9DC /* Resources */,
			);
			buildRules = (
			);
			dependencies = (
				8FF03E6C1EFF129000C2A9DC /* PBXTargetDependency */,
			);
			name = WhosAppUITests;
			productName = WhosAppUITests;
			productReference = 8FF03E6A1EFF129000C2A9DC /* WhosAppUITests.xctest */;
			productType = "com.apple.product-type.bundle.ui-testing";
		};
/* End PBXNativeTarget section */

/* Begin PBXProject section */
		8FF03E401EFF129000C2A9DC /* Project object */ = {
			isa = PBXProject;
			attributes = {
				LastSwiftUpdateCheck = 0830;
				LastUpgradeCheck = 0830;
				ORGANIZATIONNAME = "Zhiyuan Cui";
				TargetAttributes = {
					8FF03E471EFF129000C2A9DC = {
						CreatedOnToolsVersion = 8.3.3;
						DevelopmentTeam = 28TQRMSQ7K;
						LastSwiftMigration = 0830;
						ProvisioningStyle = Automatic;
					};
					8FF03E5E1EFF129000C2A9DC = {
						CreatedOnToolsVersion = 8.3.3;
						ProvisioningStyle = Automatic;
						TestTargetID = 8FF03E471EFF129000C2A9DC;
					};
					8FF03E691EFF129000C2A9DC = {
						CreatedOnToolsVersion = 8.3.3;
						ProvisioningStyle = Automatic;
						TestTargetID = 8FF03E471EFF129000C2A9DC;
					};
				};
			};
			buildConfigurationList = 8FF03E431EFF129000C2A9DC /* Build configuration list for PBXProject "WhosApp" */;
			compatibilityVersion = "Xcode 3.2";
			developmentRegion = English;
			hasScannedForEncodings = 0;
			knownRegions = (
				en,
				Base,
			);
			mainGroup = 8FF03E3F1EFF129000C2A9DC;
			productRefGroup = 8FF03E491EFF129000C2A9DC /* Products */;
			projectDirPath = "";
			projectRoot = "";
			targets = (
				8FF03E471EFF129000C2A9DC /* WhosApp */,
				8FF03E5E1EFF129000C2A9DC /* WhosAppTests */,
				8FF03E691EFF129000C2A9DC /* WhosAppUITests */,
			);
		};
/* End PBXProject section */

/* Begin PBXResourcesBuildPhase section */
		8FF03E461EFF129000C2A9DC /* Resources */ = {
			isa = PBXResourcesBuildPhase;
			buildActionMask = 2147483647;
			files = (
				8FF03E591EFF129000C2A9DC /* LaunchScreen.storyboard in Resources */,
				8FF03E7D1EFF132100C2A9DC /* GoogleService-Info.plist in Resources */,
				8FF03E561EFF129000C2A9DC /* Assets.xcassets in Resources */,
				8FF03E511EFF129000C2A9DC /* Main.storyboard in Resources */,
			);
			runOnlyForDeploymentPostprocessing = 0;
		};
		8FF03E5D1EFF129000C2A9DC /* Resources */ = {
			isa = PBXResourcesBuildPhase;
			buildActionMask = 2147483647;
			files = (
			);
			runOnlyForDeploymentPostprocessing = 0;
		};
		8FF03E681EFF129000C2A9DC /* Resources */ = {
			isa = PBXResourcesBuildPhase;
			buildActionMask = 2147483647;
			files = (
			);
			runOnlyForDeploymentPostprocessing = 0;
		};
/* End PBXResourcesBuildPhase section */

/* Begin PBXShellScriptBuildPhase section */
		081927D37D1CB61B82851FF9 /* [CP] Embed Pods Frameworks */ = {
			isa = PBXShellScriptBuildPhase;
			buildActionMask = 2147483647;
			files = (
			);
			inputPaths = (
			);
			name = "[CP] Embed Pods Frameworks";
			outputPaths = (
			);
			runOnlyForDeploymentPostprocessing = 0;
			shellPath = /bin/sh;
			shellScript = "\"${SRCROOT}/Pods/Target Support Files/Pods-WhosApp/Pods-WhosApp-frameworks.sh\"\n";
			showEnvVarsInLog = 0;
		};
		9083E983E056ACCFB54C955B /* [CP] Copy Pods Resources */ = {
			isa = PBXShellScriptBuildPhase;
			buildActionMask = 2147483647;
			files = (
			);
			inputPaths = (
			);
			name = "[CP] Copy Pods Resources";
			outputPaths = (
			);
			runOnlyForDeploymentPostprocessing = 0;
			shellPath = /bin/sh;
			shellScript = "\"${SRCROOT}/Pods/Target Support Files/Pods-WhosApp/Pods-WhosApp-resources.sh\"\n";
			showEnvVarsInLog = 0;
		};
		D00C80054E0EB0003B178822 /* [CP] Check Pods Manifest.lock */ = {
			isa = PBXShellScriptBuildPhase;
			buildActionMask = 2147483647;
			files = (
			);
			inputPaths = (
			);
			name = "[CP] Check Pods Manifest.lock";
			outputPaths = (
			);
			runOnlyForDeploymentPostprocessing = 0;
			shellPath = /bin/sh;
			shellScript = "diff \"${PODS_ROOT}/../Podfile.lock\" \"${PODS_ROOT}/Manifest.lock\" > /dev/null\nif [ $? != 0 ] ; then\n    # print error to STDERR\n    echo \"error: The sandbox is not in sync with the Podfile.lock. Run 'pod install' or update your CocoaPods installation.\" >&2\n    exit 1\nfi\n";
			showEnvVarsInLog = 0;
		};
/* End PBXShellScriptBuildPhase section */

/* Begin PBXSourcesBuildPhase section */
		8FF03E441EFF129000C2A9DC /* Sources */ = {
			isa = PBXSourcesBuildPhase;
			buildActionMask = 2147483647;
			files = (
				8FF03E871EFF1EF100C2A9DC /* Constants.swift in Sources */,
				8FEF2A5A1EFF4EEC00BBE458 /* WelcomeViewController.swift in Sources */,
				8F7CBEB31F00930700EDF5AA /* ChooseUserViewController.swift in Sources */,
				8FF03E821EFF1A5500C2A9DC /* RNCryptor.swift in Sources */,
				8F7CBEB71F00937400EDF5AA /* FriendTableViewCell.swift in Sources */,
				8FEF2A5D1EFF5C3C00BBE458 /* RegisterViewController.swift in Sources */,
				8FBF47141F005C9B00201D00 /* RecentTableViewCell.swift in Sources */,
				8FF03E541EFF129000C2A9DC /* WhosApp.xcdatamodeld in Sources */,
				8FBF47121F005C5300201D00 /* RecentViewController.swift in Sources */,
				8F7CBEBA1F00965300EDF5AA /* Download.swift in Sources */,
				8FBF47101F00516100201D00 /* Camera.swift in Sources */,
				8FF03E4C1EFF129000C2A9DC /* AppDelegate.swift in Sources */,
			);
			runOnlyForDeploymentPostprocessing = 0;
		};
		8FF03E5B1EFF129000C2A9DC /* Sources */ = {
			isa = PBXSourcesBuildPhase;
			buildActionMask = 2147483647;
			files = (
				8FF03E641EFF129000C2A9DC /* WhosAppTests.swift in Sources */,
			);
			runOnlyForDeploymentPostprocessing = 0;
		};
		8FF03E661EFF129000C2A9DC /* Sources */ = {
			isa = PBXSourcesBuildPhase;
			buildActionMask = 2147483647;
			files = (
				8FF03E6F1EFF129000C2A9DC /* WhosAppUITests.swift in Sources */,
			);
			runOnlyForDeploymentPostprocessing = 0;
		};
/* End PBXSourcesBuildPhase section */

/* Begin PBXTargetDependency section */
		8FF03E611EFF129000C2A9DC /* PBXTargetDependency */ = {
			isa = PBXTargetDependency;
			target = 8FF03E471EFF129000C2A9DC /* WhosApp */;
			targetProxy = 8FF03E601EFF129000C2A9DC /* PBXContainerItemProxy */;
		};
		8FF03E6C1EFF129000C2A9DC /* PBXTargetDependency */ = {
			isa = PBXTargetDependency;
			target = 8FF03E471EFF129000C2A9DC /* WhosApp */;
			targetProxy = 8FF03E6B1EFF129000C2A9DC /* PBXContainerItemProxy */;
		};
/* End PBXTargetDependency section */

/* Begin PBXVariantGroup section */
		8FF03E4F1EFF129000C2A9DC /* Main.storyboard */ = {
			isa = PBXVariantGroup;
			children = (
				8FF03E501EFF129000C2A9DC /* Base */,
			);
			name = Main.storyboard;
			sourceTree = "<group>";
		};
		8FF03E571EFF129000C2A9DC /* LaunchScreen.storyboard */ = {
			isa = PBXVariantGroup;
			children = (
				8FF03E581EFF129000C2A9DC /* Base */,
			);
			name = LaunchScreen.storyboard;
			sourceTree = "<group>";
		};
/* End PBXVariantGroup section */

/* Begin XCBuildConfiguration section */
		8FF03E711EFF129000C2A9DC /* Debug */ = {
			isa = XCBuildConfiguration;
			buildSettings = {
				ALWAYS_SEARCH_USER_PATHS = NO;
				CLANG_ANALYZER_NONNULL = YES;
				CLANG_ANALYZER_NUMBER_OBJECT_CONVERSION = YES_AGGRESSIVE;
				CLANG_CXX_LANGUAGE_STANDARD = "gnu++0x";
				CLANG_CXX_LIBRARY = "libc++";
				CLANG_ENABLE_MODULES = YES;
				CLANG_ENABLE_OBJC_ARC = YES;
				CLANG_WARN_BOOL_CONVERSION = YES;
				CLANG_WARN_CONSTANT_CONVERSION = YES;
				CLANG_WARN_DIRECT_OBJC_ISA_USAGE = YES_ERROR;
				CLANG_WARN_DOCUMENTATION_COMMENTS = YES;
				CLANG_WARN_EMPTY_BODY = YES;
				CLANG_WARN_ENUM_CONVERSION = YES;
				CLANG_WARN_INFINITE_RECURSION = YES;
				CLANG_WARN_INT_CONVERSION = YES;
				CLANG_WARN_OBJC_ROOT_CLASS = YES_ERROR;
				CLANG_WARN_SUSPICIOUS_MOVE = YES;
				CLANG_WARN_UNREACHABLE_CODE = YES;
				CLANG_WARN__DUPLICATE_METHOD_MATCH = YES;
				"CODE_SIGN_IDENTITY[sdk=iphoneos*]" = "iPhone Developer";
				COPY_PHASE_STRIP = NO;
				DEBUG_INFORMATION_FORMAT = dwarf;
				ENABLE_STRICT_OBJC_MSGSEND = YES;
				ENABLE_TESTABILITY = YES;
				GCC_C_LANGUAGE_STANDARD = gnu99;
				GCC_DYNAMIC_NO_PIC = NO;
				GCC_NO_COMMON_BLOCKS = YES;
				GCC_OPTIMIZATION_LEVEL = 0;
				GCC_PREPROCESSOR_DEFINITIONS = (
					"DEBUG=1",
					"$(inherited)",
				);
				GCC_WARN_64_TO_32_BIT_CONVERSION = YES;
				GCC_WARN_ABOUT_RETURN_TYPE = YES_ERROR;
				GCC_WARN_UNDECLARED_SELECTOR = YES;
				GCC_WARN_UNINITIALIZED_AUTOS = YES_AGGRESSIVE;
				GCC_WARN_UNUSED_FUNCTION = YES;
				GCC_WARN_UNUSED_VARIABLE = YES;
				IPHONEOS_DEPLOYMENT_TARGET = 10.3;
				MTL_ENABLE_DEBUG_INFO = YES;
				ONLY_ACTIVE_ARCH = YES;
				SDKROOT = iphoneos;
				SWIFT_ACTIVE_COMPILATION_CONDITIONS = DEBUG;
				SWIFT_OPTIMIZATION_LEVEL = "-Onone";
			};
			name = Debug;
		};
		8FF03E721EFF129000C2A9DC /* Release */ = {
			isa = XCBuildConfiguration;
			buildSettings = {
				ALWAYS_SEARCH_USER_PATHS = NO;
				CLANG_ANALYZER_NONNULL = YES;
				CLANG_ANALYZER_NUMBER_OBJECT_CONVERSION = YES_AGGRESSIVE;
				CLANG_CXX_LANGUAGE_STANDARD = "gnu++0x";
				CLANG_CXX_LIBRARY = "libc++";
				CLANG_ENABLE_MODULES = YES;
				CLANG_ENABLE_OBJC_ARC = YES;
				CLANG_WARN_BOOL_CONVERSION = YES;
				CLANG_WARN_CONSTANT_CONVERSION = YES;
				CLANG_WARN_DIRECT_OBJC_ISA_USAGE = YES_ERROR;
				CLANG_WARN_DOCUMENTATION_COMMENTS = YES;
				CLANG_WARN_EMPTY_BODY = YES;
				CLANG_WARN_ENUM_CONVERSION = YES;
				CLANG_WARN_INFINITE_RECURSION = YES;
				CLANG_WARN_INT_CONVERSION = YES;
				CLANG_WARN_OBJC_ROOT_CLASS = YES_ERROR;
				CLANG_WARN_SUSPICIOUS_MOVE = YES;
				CLANG_WARN_UNREACHABLE_CODE = YES;
				CLANG_WARN__DUPLICATE_METHOD_MATCH = YES;
				"CODE_SIGN_IDENTITY[sdk=iphoneos*]" = "iPhone Developer";
				COPY_PHASE_STRIP = NO;
				DEBUG_INFORMATION_FORMAT = "dwarf-with-dsym";
				ENABLE_NS_ASSERTIONS = NO;
				ENABLE_STRICT_OBJC_MSGSEND = YES;
				GCC_C_LANGUAGE_STANDARD = gnu99;
				GCC_NO_COMMON_BLOCKS = YES;
				GCC_WARN_64_TO_32_BIT_CONVERSION = YES;
				GCC_WARN_ABOUT_RETURN_TYPE = YES_ERROR;
				GCC_WARN_UNDECLARED_SELECTOR = YES;
				GCC_WARN_UNINITIALIZED_AUTOS = YES_AGGRESSIVE;
				GCC_WARN_UNUSED_FUNCTION = YES;
				GCC_WARN_UNUSED_VARIABLE = YES;
				IPHONEOS_DEPLOYMENT_TARGET = 10.3;
				MTL_ENABLE_DEBUG_INFO = NO;
				SDKROOT = iphoneos;
				SWIFT_OPTIMIZATION_LEVEL = "-Owholemodule";
				VALIDATE_PRODUCT = YES;
			};
			name = Release;
		};
		8FF03E741EFF129000C2A9DC /* Debug */ = {
			isa = XCBuildConfiguration;
			baseConfigurationReference = 3FF2DE46AA1D079C1F071CF3 /* Pods-WhosApp.debug.xcconfig */;
			buildSettings = {
				ASSETCATALOG_COMPILER_APPICON_NAME = AppIcon;
				CLANG_ENABLE_MODULES = YES;
				DEVELOPMENT_TEAM = 28TQRMSQ7K;
				INFOPLIST_FILE = WhosApp/Info.plist;
				LD_RUNPATH_SEARCH_PATHS = "$(inherited) @executable_path/Frameworks";
				PRODUCT_BUNDLE_IDENTIFIER = com.zhiyuan.WhosApp;
				PRODUCT_NAME = "$(TARGET_NAME)";
				SWIFT_OBJC_BRIDGING_HEADER = "WhosApp/WhosApp-Bridging-Header.h";
				SWIFT_OPTIMIZATION_LEVEL = "-Onone";
				SWIFT_VERSION = 3.0;
			};
			name = Debug;
		};
		8FF03E751EFF129000C2A9DC /* Release */ = {
			isa = XCBuildConfiguration;
			baseConfigurationReference = 657E1B6239C94933DC68649B /* Pods-WhosApp.release.xcconfig */;
			buildSettings = {
				ASSETCATALOG_COMPILER_APPICON_NAME = AppIcon;
				CLANG_ENABLE_MODULES = YES;
				DEVELOPMENT_TEAM = 28TQRMSQ7K;
				INFOPLIST_FILE = WhosApp/Info.plist;
				LD_RUNPATH_SEARCH_PATHS = "$(inherited) @executable_path/Frameworks";
				PRODUCT_BUNDLE_IDENTIFIER = com.zhiyuan.WhosApp;
				PRODUCT_NAME = "$(TARGET_NAME)";
				SWIFT_OBJC_BRIDGING_HEADER = "WhosApp/WhosApp-Bridging-Header.h";
				SWIFT_VERSION = 3.0;
			};
			name = Release;
		};
		8FF03E771EFF129000C2A9DC /* Debug */ = {
			isa = XCBuildConfiguration;
			buildSettings = {
				ALWAYS_EMBED_SWIFT_STANDARD_LIBRARIES = YES;
				BUNDLE_LOADER = "$(TEST_HOST)";
				INFOPLIST_FILE = WhosAppTests/Info.plist;
				LD_RUNPATH_SEARCH_PATHS = "$(inherited) @executable_path/Frameworks @loader_path/Frameworks";
				PRODUCT_BUNDLE_IDENTIFIER = com.zhiyuan.WhosAppTests;
				PRODUCT_NAME = "$(TARGET_NAME)";
				SWIFT_VERSION = 3.0;
				TEST_HOST = "$(BUILT_PRODUCTS_DIR)/WhosApp.app/WhosApp";
			};
			name = Debug;
		};
		8FF03E781EFF129000C2A9DC /* Release */ = {
			isa = XCBuildConfiguration;
			buildSettings = {
				ALWAYS_EMBED_SWIFT_STANDARD_LIBRARIES = YES;
				BUNDLE_LOADER = "$(TEST_HOST)";
				INFOPLIST_FILE = WhosAppTests/Info.plist;
				LD_RUNPATH_SEARCH_PATHS = "$(inherited) @executable_path/Frameworks @loader_path/Frameworks";
				PRODUCT_BUNDLE_IDENTIFIER = com.zhiyuan.WhosAppTests;
				PRODUCT_NAME = "$(TARGET_NAME)";
				SWIFT_VERSION = 3.0;
				TEST_HOST = "$(BUILT_PRODUCTS_DIR)/WhosApp.app/WhosApp";
			};
			name = Release;
		};
		8FF03E7A1EFF129000C2A9DC /* Debug */ = {
			isa = XCBuildConfiguration;
			buildSettings = {
				ALWAYS_EMBED_SWIFT_STANDARD_LIBRARIES = YES;
				INFOPLIST_FILE = WhosAppUITests/Info.plist;
				LD_RUNPATH_SEARCH_PATHS = "$(inherited) @executable_path/Frameworks @loader_path/Frameworks";
				PRODUCT_BUNDLE_IDENTIFIER = com.zhiyuan.WhosAppUITests;
				PRODUCT_NAME = "$(TARGET_NAME)";
				SWIFT_VERSION = 3.0;
				TEST_TARGET_NAME = WhosApp;
			};
			name = Debug;
		};
		8FF03E7B1EFF129000C2A9DC /* Release */ = {
			isa = XCBuildConfiguration;
			buildSettings = {
				ALWAYS_EMBED_SWIFT_STANDARD_LIBRARIES = YES;
				INFOPLIST_FILE = WhosAppUITests/Info.plist;
				LD_RUNPATH_SEARCH_PATHS = "$(inherited) @executable_path/Frameworks @loader_path/Frameworks";
				PRODUCT_BUNDLE_IDENTIFIER = com.zhiyuan.WhosAppUITests;
				PRODUCT_NAME = "$(TARGET_NAME)";
				SWIFT_VERSION = 3.0;
				TEST_TARGET_NAME = WhosApp;
			};
			name = Release;
		};
/* End XCBuildConfiguration section */

/* Begin XCConfigurationList section */
		8FF03E431EFF129000C2A9DC /* Build configuration list for PBXProject "WhosApp" */ = {
			isa = XCConfigurationList;
			buildConfigurations = (
				8FF03E711EFF129000C2A9DC /* Debug */,
				8FF03E721EFF129000C2A9DC /* Release */,
			);
			defaultConfigurationIsVisible = 0;
			defaultConfigurationName = Release;
		};
		8FF03E731EFF129000C2A9DC /* Build configuration list for PBXNativeTarget "WhosApp" */ = {
			isa = XCConfigurationList;
			buildConfigurations = (
				8FF03E741EFF129000C2A9DC /* Debug */,
				8FF03E751EFF129000C2A9DC /* Release */,
			);
			defaultConfigurationIsVisible = 0;
			defaultConfigurationName = Release;
		};
		8FF03E761EFF129000C2A9DC /* Build configuration list for PBXNativeTarget "WhosAppTests" */ = {
			isa = XCConfigurationList;
			buildConfigurations = (
				8FF03E771EFF129000C2A9DC /* Debug */,
				8FF03E781EFF129000C2A9DC /* Release */,
			);
			defaultConfigurationIsVisible = 0;
			defaultConfigurationName = Release;
		};
		8FF03E791EFF129000C2A9DC /* Build configuration list for PBXNativeTarget "WhosAppUITests" */ = {
			isa = XCConfigurationList;
			buildConfigurations = (
				8FF03E7A1EFF129000C2A9DC /* Debug */,
				8FF03E7B1EFF129000C2A9DC /* Release */,
			);
			defaultConfigurationIsVisible = 0;
			defaultConfigurationName = Release;
		};
/* End XCConfigurationList section */

/* Begin XCVersionGroup section */
		8FF03E521EFF129000C2A9DC /* WhosApp.xcdatamodeld */ = {
			isa = XCVersionGroup;
			children = (
				8FF03E531EFF129000C2A9DC /* WhosApp.xcdatamodel */,
			);
			currentVersion = 8FF03E531EFF129000C2A9DC /* WhosApp.xcdatamodel */;
			path = WhosApp.xcdatamodeld;
			sourceTree = "<group>";
			versionGroupType = wrapper.xcdatamodel;
		};
/* End XCVersionGroup section */
	};
	rootObject = 8FF03E401EFF129000C2A9DC /* Project object */;
}
